
Microsoft Visual Studio Solution File, Format Version 12.00
# Visual Studio 14
VisualStudioVersion = 14.0.24720.0
MinimumVisualStudioVersion = 10.0.40219.1
Project("{FAE04EC0-301F-11D3-BF4B-00C04F79EFBC}") = "Service Falcon", "Service Hawk\Service Falcon.csproj", "{28DF7454-F461-4860-B6E3-996D999DCC53}"
EndProject
Project("{FAE04EC0-301F-11D3-BF4B-00C04F79EFBC}") = "Falcon", "Hawk\Falcon.csproj", "{8DB841A7-80CD-430D-9D27-9971D079EB70}"
EndProject
Project("{FAE04EC0-301F-11D3-BF4B-00C04F79EFBC}") = "Follow(the falcon)", "Follow(the falcon)\Follow(the falcon).csproj", "{6C85B281-574F-4355-8384-2E1021B7611C}"
EndProject
Global
	GlobalSection(SolutionConfigurationPlatforms) = preSolution
		Debug|Any CPU = Debug|Any CPU
		Release|Any CPU = Release|Any CPU
	EndGlobalSection
	GlobalSection(ProjectConfigurationPlatforms) = postSolution
		{28DF7454-F461-4860-B6E3-996D999DCC53}.Debug|Any CPU.ActiveCfg = Debug|Any CPU
		{28DF7454-F461-4860-B6E3-996D999DCC53}.Debug|Any CPU.Build.0 = Debug|Any CPU
		{28DF7454-F461-4860-B6E3-996D999DCC53}.Release|Any CPU.ActiveCfg = Release|Any CPU
		{28DF7454-F461-4860-B6E3-996D999DCC53}.Release|Any CPU.Build.0 = Release|Any CPU
		{8DB841A7-80CD-430D-9D27-9971D079EB70}.Debug|Any CPU.ActiveCfg = Debug|Any CPU
		{8DB841A7-80CD-430D-9D27-9971D079EB70}.Debug|Any CPU.Build.0 = Debug|Any CPU
		{8DB841A7-80CD-430D-9D27-9971D079EB70}.Release|Any CPU.ActiveCfg = Release|Any CPU
		{8DB841A7-80CD-430D-9D27-9971D079EB70}.Release|Any CPU.Build.0 = Release|Any CPU
		{6C85B281-574F-4355-8384-2E1021B7611C}.Debug|Any CPU.ActiveCfg = Debug|Any CPU
		{6C85B281-574F-4355-8384-2E1021B7611C}.Debug|Any CPU.Build.0 = Debug|Any CPU
		{6C85B281-574F-4355-8384-2E1021B7611C}.Release|Any CPU.ActiveCfg = Release|Any CPU
		{6C85B281-574F-4355-8384-2E1021B7611C}.Release|Any CPU.Build.0 = Release|Any CPU
	EndGlobalSection
	GlobalSection(SolutionProperties) = preSolution
		HideSolutionNode = FALSE
	EndGlobalSection
EndGlobal
